// !$*UTF8*$!
{
	archiveVersion = 1;
	classes = {
	};
	objectVersion = 52;
	objects = {

/* Begin PBXBuildFile section */
		6275308226945D4900F0524C /* Swifty_OCR_TranslatorApp.swift in Sources */ = {isa = PBXBuildFile; fileRef = 6275308126945D4900F0524C /* Swifty_OCR_TranslatorApp.swift */; };
		6275308426945D4900F0524C /* MainView.swift in Sources */ = {isa = PBXBuildFile; fileRef = 6275308326945D4900F0524C /* MainView.swift */; };
		6275308626945D4A00F0524C /* Assets.xcassets in Resources */ = {isa = PBXBuildFile; fileRef = 6275308526945D4A00F0524C /* Assets.xcassets */; };
		6275308926945D4A00F0524C /* Preview Assets.xcassets in Resources */ = {isa = PBXBuildFile; fileRef = 6275308826945D4A00F0524C /* Preview Assets.xcassets */; };
		62B0A6E9269803C500099685 /* Magnet in Frameworks */ = {isa = PBXBuildFile; productRef = 62B0A6E8269803C500099685 /* Magnet */; };
		62B870132698194E0078BFB2 /* MenuViewModel.swift in Sources */ = {isa = PBXBuildFile; fileRef = 62B870122698194E0078BFB2 /* MenuViewModel.swift */; };
		62B8701626981B0E0078BFB2 /* Defaults in Frameworks */ = {isa = PBXBuildFile; productRef = 62B8701526981B0E0078BFB2 /* Defaults */; };
		62B8701826981DAF0078BFB2 /* MenuView.swift in Sources */ = {isa = PBXBuildFile; fileRef = 62B8701726981DAF0078BFB2 /* MenuView.swift */; };
		62B8701B269823910078BFB2 /* Defaults++.swift in Sources */ = {isa = PBXBuildFile; fileRef = 62B8701A269823910078BFB2 /* Defaults++.swift */; };
		62B8702726982FC60078BFB2 /* LanguageTranslatorV3 in Frameworks */ = {isa = PBXBuildFile; productRef = 62B8702626982FC60078BFB2 /* LanguageTranslatorV3 */; };
		62EB5C1B269E839F001DA95A /* Translator.swift in Sources */ = {isa = PBXBuildFile; fileRef = 62EB5C1A269E839F001DA95A /* Translator.swift */; };
		62EB5C1E269E8421001DA95A /* APIInfo.swift in Sources */ = {isa = PBXBuildFile; fileRef = 62EB5C1D269E8421001DA95A /* APIInfo.swift */; };
		62EB5C26269E93A9001DA95A /* Moya in Frameworks */ = {isa = PBXBuildFile; productRef = 62EB5C25269E93A9001DA95A /* Moya */; };
		62EB5C28269E93C2001DA95A /* CombineMoya in Frameworks */ = {isa = PBXBuildFile; productRef = 62EB5C27269E93C2001DA95A /* CombineMoya */; };
		62EB5C2A269E93CC001DA95A /* GoogleTranslateAPI.swift in Sources */ = {isa = PBXBuildFile; fileRef = 62EB5C29269E93CC001DA95A /* GoogleTranslateAPI.swift */; };
		62EB5C2C269E9626001DA95A /* GoogleTranslateModels.swift in Sources */ = {isa = PBXBuildFile; fileRef = 62EB5C2B269E9626001DA95A /* GoogleTranslateModels.swift */; };
		62EB5C2E269EA616001DA95A /* MainViewModel.swift in Sources */ = {isa = PBXBuildFile; fileRef = 62EB5C2D269EA616001DA95A /* MainViewModel.swift */; };
/* End PBXBuildFile section */

/* Begin PBXFileReference section */
		6275307E26945D4900F0524C /* Swifty-OCR-Translator.app */ = {isa = PBXFileReference; explicitFileType = wrapper.application; includeInIndex = 0; path = "Swifty-OCR-Translator.app"; sourceTree = BUILT_PRODUCTS_DIR; };
		6275308126945D4900F0524C /* Swifty_OCR_TranslatorApp.swift */ = {isa = PBXFileReference; lastKnownFileType = sourcecode.swift; path = Swifty_OCR_TranslatorApp.swift; sourceTree = "<group>"; };
		6275308326945D4900F0524C /* MainView.swift */ = {isa = PBXFileReference; lastKnownFileType = sourcecode.swift; path = MainView.swift; sourceTree = "<group>"; };
		6275308526945D4A00F0524C /* Assets.xcassets */ = {isa = PBXFileReference; lastKnownFileType = folder.assetcatalog; path = Assets.xcassets; sourceTree = "<group>"; };
		6275308826945D4A00F0524C /* Preview Assets.xcassets */ = {isa = PBXFileReference; lastKnownFileType = folder.assetcatalog; path = "Preview Assets.xcassets"; sourceTree = "<group>"; };
		6275308A26945D4A00F0524C /* Info.plist */ = {isa = PBXFileReference; lastKnownFileType = text.plist.xml; path = Info.plist; sourceTree = "<group>"; };
		6275308B26945D4A00F0524C /* Swifty_OCR_Translator.entitlements */ = {isa = PBXFileReference; lastKnownFileType = text.plist.entitlements; path = Swifty_OCR_Translator.entitlements; sourceTree = "<group>"; };
		62B870122698194E0078BFB2 /* MenuViewModel.swift */ = {isa = PBXFileReference; lastKnownFileType = sourcecode.swift; path = MenuViewModel.swift; sourceTree = "<group>"; };
		62B8701726981DAF0078BFB2 /* MenuView.swift */ = {isa = PBXFileReference; lastKnownFileType = sourcecode.swift; path = MenuView.swift; sourceTree = "<group>"; };
		62B8701A269823910078BFB2 /* Defaults++.swift */ = {isa = PBXFileReference; lastKnownFileType = sourcecode.swift; path = "Defaults++.swift"; sourceTree = "<group>"; };
		62EB5C1A269E839F001DA95A /* Translator.swift */ = {isa = PBXFileReference; lastKnownFileType = sourcecode.swift; path = Translator.swift; sourceTree = "<group>"; };
		62EB5C1D269E8421001DA95A /* APIInfo.swift */ = {isa = PBXFileReference; lastKnownFileType = sourcecode.swift; path = APIInfo.swift; sourceTree = "<group>"; };
		62EB5C29269E93CC001DA95A /* GoogleTranslateAPI.swift */ = {isa = PBXFileReference; lastKnownFileType = sourcecode.swift; path = GoogleTranslateAPI.swift; sourceTree = "<group>"; };
		62EB5C2B269E9626001DA95A /* GoogleTranslateModels.swift */ = {isa = PBXFileReference; lastKnownFileType = sourcecode.swift; path = GoogleTranslateModels.swift; sourceTree = "<group>"; };
		62EB5C2D269EA616001DA95A /* MainViewModel.swift */ = {isa = PBXFileReference; lastKnownFileType = sourcecode.swift; path = MainViewModel.swift; sourceTree = "<group>"; };
/* End PBXFileReference section */

/* Begin PBXFrameworksBuildPhase section */
		6275307B26945D4900F0524C /* Frameworks */ = {
			isa = PBXFrameworksBuildPhase;
			buildActionMask = 2147483647;
			files = (
				62B8701626981B0E0078BFB2 /* Defaults in Frameworks */,
				62B0A6E9269803C500099685 /* Magnet in Frameworks */,
				62EB5C26269E93A9001DA95A /* Moya in Frameworks */,
				62EB5C28269E93C2001DA95A /* CombineMoya in Frameworks */,
				62B8702726982FC60078BFB2 /* LanguageTranslatorV3 in Frameworks */,
			);
			runOnlyForDeploymentPostprocessing = 0;
		};
/* End PBXFrameworksBuildPhase section */

/* Begin PBXGroup section */
		6275307526945D4900F0524C = {
			isa = PBXGroup;
			children = (
				6275308026945D4900F0524C /* Swifty-OCR-Translator */,
				6275307F26945D4900F0524C /* Products */,
				62B8702226982C540078BFB2 /* Frameworks */,
			);
			sourceTree = "<group>";
		};
		6275307F26945D4900F0524C /* Products */ = {
			isa = PBXGroup;
			children = (
				6275307E26945D4900F0524C /* Swifty-OCR-Translator.app */,
			);
			name = Products;
			sourceTree = "<group>";
		};
		6275308026945D4900F0524C /* Swifty-OCR-Translator */ = {
			isa = PBXGroup;
			children = (
				62EB5C21269E9199001DA95A /* APIs */,
				62EB5C1C269E840B001DA95A /* Models */,
				62EB5C19269E838A001DA95A /* Enums */,
				62B87019269823870078BFB2 /* Extensions */,
				62B87011269819080078BFB2 /* ViewModels */,
				62B87010269818FE0078BFB2 /* Views */,
				6275308126945D4900F0524C /* Swifty_OCR_TranslatorApp.swift */,
				6275308526945D4A00F0524C /* Assets.xcassets */,
				6275308A26945D4A00F0524C /* Info.plist */,
				6275308B26945D4A00F0524C /* Swifty_OCR_Translator.entitlements */,
				6275308726945D4A00F0524C /* Preview Content */,
			);
			path = "Swifty-OCR-Translator";
			sourceTree = "<group>";
		};
		6275308726945D4A00F0524C /* Preview Content */ = {
			isa = PBXGroup;
			children = (
				6275308826945D4A00F0524C /* Preview Assets.xcassets */,
			);
			path = "Preview Content";
			sourceTree = "<group>";
		};
		62B87010269818FE0078BFB2 /* Views */ = {
			isa = PBXGroup;
			children = (
				6275308326945D4900F0524C /* MainView.swift */,
				62B8701726981DAF0078BFB2 /* MenuView.swift */,
			);
			path = Views;
			sourceTree = "<group>";
		};
		62B87011269819080078BFB2 /* ViewModels */ = {
			isa = PBXGroup;
			children = (
				62B870122698194E0078BFB2 /* MenuViewModel.swift */,
				62EB5C2D269EA616001DA95A /* MainViewModel.swift */,
			);
			path = ViewModels;
			sourceTree = "<group>";
		};
		62B87019269823870078BFB2 /* Extensions */ = {
			isa = PBXGroup;
			children = (
				62B8701A269823910078BFB2 /* Defaults++.swift */,
			);
			path = Extensions;
			sourceTree = "<group>";
		};
		62B8702226982C540078BFB2 /* Frameworks */ = {
			isa = PBXGroup;
			children = (
			);
			name = Frameworks;
			sourceTree = "<group>";
		};
		62EB5C19269E838A001DA95A /* Enums */ = {
			isa = PBXGroup;
			children = (
				62EB5C1A269E839F001DA95A /* Translator.swift */,
			);
			path = Enums;
			sourceTree = "<group>";
		};
		62EB5C1C269E840B001DA95A /* Models */ = {
			isa = PBXGroup;
			children = (
				62EB5C1D269E8421001DA95A /* APIInfo.swift */,
				62EB5C2B269E9626001DA95A /* GoogleTranslateModels.swift */,
			);
			path = Models;
			sourceTree = "<group>";
		};
		62EB5C21269E9199001DA95A /* APIs */ = {
			isa = PBXGroup;
			children = (
				62EB5C29269E93CC001DA95A /* GoogleTranslateAPI.swift */,
			);
			path = APIs;
			sourceTree = "<group>";
		};
/* End PBXGroup section */

/* Begin PBXNativeTarget section */
		6275307D26945D4900F0524C /* Swifty-OCR-Translator */ = {
			isa = PBXNativeTarget;
			buildConfigurationList = 6275308E26945D4A00F0524C /* Build configuration list for PBXNativeTarget "Swifty-OCR-Translator" */;
			buildPhases = (
				6275307A26945D4900F0524C /* Sources */,
				6275307B26945D4900F0524C /* Frameworks */,
				6275307C26945D4900F0524C /* Resources */,
			);
			buildRules = (
			);
			dependencies = (
			);
			name = "Swifty-OCR-Translator";
			packageProductDependencies = (
				62B0A6E8269803C500099685 /* Magnet */,
				62B8701526981B0E0078BFB2 /* Defaults */,
				62B8702626982FC60078BFB2 /* LanguageTranslatorV3 */,
				62EB5C25269E93A9001DA95A /* Moya */,
				62EB5C27269E93C2001DA95A /* CombineMoya */,
			);
			productName = "Swifty-OCR-Translator";
			productReference = 6275307E26945D4900F0524C /* Swifty-OCR-Translator.app */;
			productType = "com.apple.product-type.application";
		};
/* End PBXNativeTarget section */

/* Begin PBXProject section */
		6275307626945D4900F0524C /* Project object */ = {
			isa = PBXProject;
			attributes = {
				LastSwiftUpdateCheck = 1250;
				LastUpgradeCheck = 1250;
				TargetAttributes = {
					6275307D26945D4900F0524C = {
						CreatedOnToolsVersion = 12.5.1;
					};
				};
			};
			buildConfigurationList = 6275307926945D4900F0524C /* Build configuration list for PBXProject "Swifty-OCR-Translator" */;
			compatibilityVersion = "Xcode 9.3";
			developmentRegion = en;
			hasScannedForEncodings = 0;
			knownRegions = (
				en,
				Base,
			);
			mainGroup = 6275307526945D4900F0524C;
			packageReferences = (
				62B0A6E7269803C500099685 /* XCRemoteSwiftPackageReference "Magnet" */,
				62B8701426981B0E0078BFB2 /* XCRemoteSwiftPackageReference "Defaults" */,
				62B8702526982FC60078BFB2 /* XCRemoteSwiftPackageReference "swift-sdk" */,
				62EB5C24269E93A9001DA95A /* XCRemoteSwiftPackageReference "moya" */,
			);
			productRefGroup = 6275307F26945D4900F0524C /* Products */;
			projectDirPath = "";
			projectRoot = "";
			targets = (
				6275307D26945D4900F0524C /* Swifty-OCR-Translator */,
			);
		};
/* End PBXProject section */

/* Begin PBXResourcesBuildPhase section */
		6275307C26945D4900F0524C /* Resources */ = {
			isa = PBXResourcesBuildPhase;
			buildActionMask = 2147483647;
			files = (
				6275308926945D4A00F0524C /* Preview Assets.xcassets in Resources */,
				6275308626945D4A00F0524C /* Assets.xcassets in Resources */,
			);
			runOnlyForDeploymentPostprocessing = 0;
		};
/* End PBXResourcesBuildPhase section */

/* Begin PBXSourcesBuildPhase section */
		6275307A26945D4900F0524C /* Sources */ = {
			isa = PBXSourcesBuildPhase;
			buildActionMask = 2147483647;
			files = (
				6275308426945D4900F0524C /* MainView.swift in Sources */,
				62EB5C1B269E839F001DA95A /* Translator.swift in Sources */,
				62B8701826981DAF0078BFB2 /* MenuView.swift in Sources */,
				62EB5C2A269E93CC001DA95A /* GoogleTranslateAPI.swift in Sources */,
				6275308226945D4900F0524C /* Swifty_OCR_TranslatorApp.swift in Sources */,
				62EB5C2E269EA616001DA95A /* MainViewModel.swift in Sources */,
				62B8701B269823910078BFB2 /* Defaults++.swift in Sources */,
				62EB5C2C269E9626001DA95A /* GoogleTranslateModels.swift in Sources */,
				62B870132698194E0078BFB2 /* MenuViewModel.swift in Sources */,
				62EB5C1E269E8421001DA95A /* APIInfo.swift in Sources */,
			);
			runOnlyForDeploymentPostprocessing = 0;
		};
/* End PBXSourcesBuildPhase section */

/* Begin XCBuildConfiguration section */
		6275308C26945D4A00F0524C /* Debug */ = {
			isa = XCBuildConfiguration;
			buildSettings = {
				ALWAYS_SEARCH_USER_PATHS = NO;
				CLANG_ANALYZER_NONNULL = YES;
				CLANG_ANALYZER_NUMBER_OBJECT_CONVERSION = YES_AGGRESSIVE;
				CLANG_CXX_LANGUAGE_STANDARD = "gnu++14";
				CLANG_CXX_LIBRARY = "libc++";
				CLANG_ENABLE_MODULES = YES;
				CLANG_ENABLE_OBJC_ARC = YES;
				CLANG_ENABLE_OBJC_WEAK = YES;
				CLANG_WARN_BLOCK_CAPTURE_AUTORELEASING = YES;
				CLANG_WARN_BOOL_CONVERSION = YES;
				CLANG_WARN_COMMA = YES;
				CLANG_WARN_CONSTANT_CONVERSION = YES;
				CLANG_WARN_DEPRECATED_OBJC_IMPLEMENTATIONS = YES;
				CLANG_WARN_DIRECT_OBJC_ISA_USAGE = YES_ERROR;
				CLANG_WARN_DOCUMENTATION_COMMENTS = YES;
				CLANG_WARN_EMPTY_BODY = YES;
				CLANG_WARN_ENUM_CONVERSION = YES;
				CLANG_WARN_INFINITE_RECURSION = YES;
				CLANG_WARN_INT_CONVERSION = YES;
				CLANG_WARN_NON_LITERAL_NULL_CONVERSION = YES;
				CLANG_WARN_OBJC_IMPLICIT_RETAIN_SELF = YES;
				CLANG_WARN_OBJC_LITERAL_CONVERSION = YES;
				CLANG_WARN_OBJC_ROOT_CLASS = YES_ERROR;
				CLANG_WARN_QUOTED_INCLUDE_IN_FRAMEWORK_HEADER = YES;
				CLANG_WARN_RANGE_LOOP_ANALYSIS = YES;
				CLANG_WARN_STRICT_PROTOTYPES = YES;
				CLANG_WARN_SUSPICIOUS_MOVE = YES;
				CLANG_WARN_UNGUARDED_AVAILABILITY = YES_AGGRESSIVE;
				CLANG_WARN_UNREACHABLE_CODE = YES;
				CLANG_WARN__DUPLICATE_METHOD_MATCH = YES;
				COPY_PHASE_STRIP = NO;
				DEBUG_INFORMATION_FORMAT = dwarf;
				ENABLE_STRICT_OBJC_MSGSEND = YES;
				ENABLE_TESTABILITY = YES;
				GCC_C_LANGUAGE_STANDARD = gnu11;
				GCC_DYNAMIC_NO_PIC = NO;
				GCC_NO_COMMON_BLOCKS = YES;
				GCC_OPTIMIZATION_LEVEL = 0;
				GCC_PREPROCESSOR_DEFINITIONS = (
					"DEBUG=1",
					"$(inherited)",
				);
				GCC_WARN_64_TO_32_BIT_CONVERSION = YES;
				GCC_WARN_ABOUT_RETURN_TYPE = YES_ERROR;
				GCC_WARN_UNDECLARED_SELECTOR = YES;
				GCC_WARN_UNINITIALIZED_AUTOS = YES_AGGRESSIVE;
				GCC_WARN_UNUSED_FUNCTION = YES;
				GCC_WARN_UNUSED_VARIABLE = YES;
				MACOSX_DEPLOYMENT_TARGET = 11.3;
				MTL_ENABLE_DEBUG_INFO = INCLUDE_SOURCE;
				MTL_FAST_MATH = YES;
				ONLY_ACTIVE_ARCH = YES;
				SDKROOT = macosx;
				SWIFT_ACTIVE_COMPILATION_CONDITIONS = DEBUG;
				SWIFT_OPTIMIZATION_LEVEL = "-Onone";
			};
			name = Debug;
		};
		6275308D26945D4A00F0524C /* Release */ = {
			isa = XCBuildConfiguration;
			buildSettings = {
				ALWAYS_SEARCH_USER_PATHS = NO;
				CLANG_ANALYZER_NONNULL = YES;
				CLANG_ANALYZER_NUMBER_OBJECT_CONVERSION = YES_AGGRESSIVE;
				CLANG_CXX_LANGUAGE_STANDARD = "gnu++14";
				CLANG_CXX_LIBRARY = "libc++";
				CLANG_ENABLE_MODULES = YES;
				CLANG_ENABLE_OBJC_ARC = YES;
				CLANG_ENABLE_OBJC_WEAK = YES;
				CLANG_WARN_BLOCK_CAPTURE_AUTORELEASING = YES;
				CLANG_WARN_BOOL_CONVERSION = YES;
				CLANG_WARN_COMMA = YES;
				CLANG_WARN_CONSTANT_CONVERSION = YES;
				CLANG_WARN_DEPRECATED_OBJC_IMPLEMENTATIONS = YES;
				CLANG_WARN_DIRECT_OBJC_ISA_USAGE = YES_ERROR;
				CLANG_WARN_DOCUMENTATION_COMMENTS = YES;
				CLANG_WARN_EMPTY_BODY = YES;
				CLANG_WARN_ENUM_CONVERSION = YES;
				CLANG_WARN_INFINITE_RECURSION = YES;
				CLANG_WARN_INT_CONVERSION = YES;
				CLANG_WARN_NON_LITERAL_NULL_CONVERSION = YES;
				CLANG_WARN_OBJC_IMPLICIT_RETAIN_SELF = YES;
				CLANG_WARN_OBJC_LITERAL_CONVERSION = YES;
				CLANG_WARN_OBJC_ROOT_CLASS = YES_ERROR;
				CLANG_WARN_QUOTED_INCLUDE_IN_FRAMEWORK_HEADER = YES;
				CLANG_WARN_RANGE_LOOP_ANALYSIS = YES;
				CLANG_WARN_STRICT_PROTOTYPES = YES;
				CLANG_WARN_SUSPICIOUS_MOVE = YES;
				CLANG_WARN_UNGUARDED_AVAILABILITY = YES_AGGRESSIVE;
				CLANG_WARN_UNREACHABLE_CODE = YES;
				CLANG_WARN__DUPLICATE_METHOD_MATCH = YES;
				COPY_PHASE_STRIP = NO;
				DEBUG_INFORMATION_FORMAT = "dwarf-with-dsym";
				ENABLE_NS_ASSERTIONS = NO;
				ENABLE_STRICT_OBJC_MSGSEND = YES;
				GCC_C_LANGUAGE_STANDARD = gnu11;
				GCC_NO_COMMON_BLOCKS = YES;
				GCC_WARN_64_TO_32_BIT_CONVERSION = YES;
				GCC_WARN_ABOUT_RETURN_TYPE = YES_ERROR;
				GCC_WARN_UNDECLARED_SELECTOR = YES;
				GCC_WARN_UNINITIALIZED_AUTOS = YES_AGGRESSIVE;
				GCC_WARN_UNUSED_FUNCTION = YES;
				GCC_WARN_UNUSED_VARIABLE = YES;
				MACOSX_DEPLOYMENT_TARGET = 11.3;
				MTL_ENABLE_DEBUG_INFO = NO;
				MTL_FAST_MATH = YES;
				SDKROOT = macosx;
				SWIFT_COMPILATION_MODE = wholemodule;
				SWIFT_OPTIMIZATION_LEVEL = "-O";
			};
			name = Release;
		};
		6275308F26945D4A00F0524C /* Debug */ = {
			isa = XCBuildConfiguration;
			buildSettings = {
				ASSETCATALOG_COMPILER_APPICON_NAME = AppIcon;
				ASSETCATALOG_COMPILER_GLOBAL_ACCENT_COLOR_NAME = AccentColor;
				CODE_SIGN_ENTITLEMENTS = "Swifty-OCR-Translator/Swifty_OCR_Translator.entitlements";
				CODE_SIGN_IDENTITY = "-";
				CODE_SIGN_STYLE = Automatic;
				COMBINE_HIDPI_IMAGES = YES;
				CURRENT_PROJECT_VERSION = 0;
				DEVELOPMENT_ASSET_PATHS = "\"Swifty-OCR-Translator/Preview Content\"";
				DEVELOPMENT_TEAM = 4BHXT8RHFR;
				ENABLE_HARDENED_RUNTIME = YES;
				ENABLE_PREVIEWS = YES;
				INFOPLIST_FILE = "Swifty-OCR-Translator/Info.plist";
				LD_RUNPATH_SEARCH_PATHS = (
					"$(inherited)",
					"@executable_path/../Frameworks",
				);
				MACOSX_DEPLOYMENT_TARGET = 11.0;
				PRODUCT_BUNDLE_IDENTIFIER = "dev.PangMo5.Swifty-OCR-Translator";
				PRODUCT_NAME = "$(TARGET_NAME)";
				SWIFT_VERSION = 5.0;
			};
			name = Debug;
		};
		6275309026945D4A00F0524C /* Release */ = {
			isa = XCBuildConfiguration;
			buildSettings = {
				ASSETCATALOG_COMPILER_APPICON_NAME = AppIcon;
				ASSETCATALOG_COMPILER_GLOBAL_ACCENT_COLOR_NAME = AccentColor;
				CODE_SIGN_ENTITLEMENTS = "Swifty-OCR-Translator/Swifty_OCR_Translator.entitlements";
				CODE_SIGN_IDENTITY = "-";
				CODE_SIGN_STYLE = Automatic;
				COMBINE_HIDPI_IMAGES = YES;
				CURRENT_PROJECT_VERSION = 0;
				DEVELOPMENT_ASSET_PATHS = "\"Swifty-OCR-Translator/Preview Content\"";
				DEVELOPMENT_TEAM = 4BHXT8RHFR;
				ENABLE_HARDENED_RUNTIME = YES;
				ENABLE_PREVIEWS = YES;
				INFOPLIST_FILE = "Swifty-OCR-Translator/Info.plist";
				LD_RUNPATH_SEARCH_PATHS = (
					"$(inherited)",
					"@executable_path/../Frameworks",
				);
				MACOSX_DEPLOYMENT_TARGET = 11.0;
				PRODUCT_BUNDLE_IDENTIFIER = "dev.PangMo5.Swifty-OCR-Translator";
				PRODUCT_NAME = "$(TARGET_NAME)";
				SWIFT_VERSION = 5.0;
			};
			name = Release;
		};
/* End XCBuildConfiguration section */

/* Begin XCConfigurationList section */
		6275307926945D4900F0524C /* Build configuration list for PBXProject "Swifty-OCR-Translator" */ = {
			isa = XCConfigurationList;
			buildConfigurations = (
				6275308C26945D4A00F0524C /* Debug */,
				6275308D26945D4A00F0524C /* Release */,
			);
			defaultConfigurationIsVisible = 0;
			defaultConfigurationName = Release;
		};
		6275308E26945D4A00F0524C /* Build configuration list for PBXNativeTarget "Swifty-OCR-Translator" */ = {
			isa = XCConfigurationList;
			buildConfigurations = (
				6275308F26945D4A00F0524C /* Debug */,
				6275309026945D4A00F0524C /* Release */,
			);
			defaultConfigurationIsVisible = 0;
			defaultConfigurationName = Release;
		};
/* End XCConfigurationList section */

/* Begin XCRemoteSwiftPackageReference section */
		62B0A6E7269803C500099685 /* XCRemoteSwiftPackageReference "Magnet" */ = {
			isa = XCRemoteSwiftPackageReference;
			repositoryURL = "https://github.com/Clipy/Magnet";
			requirement = {
				kind = upToNextMajorVersion;
				minimumVersion = 3.3.0;
			};
		};
		62B8701426981B0E0078BFB2 /* XCRemoteSwiftPackageReference "Defaults" */ = {
			isa = XCRemoteSwiftPackageReference;
			repositoryURL = "https://github.com/sindresorhus/Defaults";
			requirement = {
				kind = upToNextMajorVersion;
				minimumVersion = 5.0.0;
			};
		};
		62B8702526982FC60078BFB2 /* XCRemoteSwiftPackageReference "swift-sdk" */ = {
			isa = XCRemoteSwiftPackageReference;
			repositoryURL = "https://github.com/watson-developer-cloud/swift-sdk";
			requirement = {
				kind = upToNextMajorVersion;
				minimumVersion = 4.0.0;
			};
		};
		62EB5C24269E93A9001DA95A /* XCRemoteSwiftPackageReference "moya" */ = {
			isa = XCRemoteSwiftPackageReference;
			repositoryURL = "https://github.com/moya/moya";
			requirement = {
				kind = exactVersion;
				version = "15.0.0-alpha.1";
			};
		};
/* End XCRemoteSwiftPackageReference section */

/* Begin XCSwiftPackageProductDependency section */
		62B0A6E8269803C500099685 /* Magnet */ = {
			isa = XCSwiftPackageProductDependency;
			package = 62B0A6E7269803C500099685 /* XCRemoteSwiftPackageReference "Magnet" */;
			productName = Magnet;
		};
		62B8701526981B0E0078BFB2 /* Defaults */ = {
			isa = XCSwiftPackageProductDependency;
			package = 62B8701426981B0E0078BFB2 /* XCRemoteSwiftPackageReference "Defaults" */;
			productName = Defaults;
		};
		62B8702626982FC60078BFB2 /* LanguageTranslatorV3 */ = {
			isa = XCSwiftPackageProductDependency;
			package = 62B8702526982FC60078BFB2 /* XCRemoteSwiftPackageReference "swift-sdk" */;
			productName = LanguageTranslatorV3;
		};
		62EB5C25269E93A9001DA95A /* Moya */ = {
			isa = XCSwiftPackageProductDependency;
			package = 62EB5C24269E93A9001DA95A /* XCRemoteSwiftPackageReference "moya" */;
			productName = Moya;
		};
		62EB5C27269E93C2001DA95A /* CombineMoya */ = {
			isa = XCSwiftPackageProductDependency;
			package = 62EB5C24269E93A9001DA95A /* XCRemoteSwiftPackageReference "moya" */;
			productName = CombineMoya;
		};
/* End XCSwiftPackageProductDependency section */
	};
	rootObject = 6275307626945D4900F0524C /* Project object */;
}
